<?xml version="1.0" encoding="utf-8"?>
<Project ToolsVersion="4.0" xmlns="http://schemas.microsoft.com/developer/msbuild/2003">
  <ItemGroup>
    <Filter Include="Source Files">
      <UniqueIdentifier>{4FC737F1-C7A5-4376-A066-2A32D752A2FF}</UniqueIdentifier>
      <Extensions>cpp;c;cc;cxx;c++;cppm;ixx;def;odl;idl;hpj;bat;asm;asmx</Extensions>
    </Filter>
    <Filter Include="Header Files">
      <UniqueIdentifier>{93995380-89BD-4b04-88EB-625FBE52EBFB}</UniqueIdentifier>
      <Extensions>h;hh;hpp;hxx;h++;hm;inl;inc;ipp;xsd</Extensions>
    </Filter>
    <Filter Include="Resource Files">
      <UniqueIdentifier>{67DA6AB6-F800-4c08-8B7A-83BB121AAD01}</UniqueIdentifier>
      <Extensions>rc;ico;cur;bmp;dlg;rc2;rct;bin;rgs;gif;jpg;jpeg;jpe;resx;tiff;tif;png;wav;mfcribbon-ms</Extensions>
    </Filter>
  </ItemGroup>
  <ItemGroup>
    <ClInclude Include="MFC_Final_Project_Rest_Update.h">
      <Filter>Header Files</Filter>
    </ClInclude>
    <ClInclude Include="MFC_Final_Project_Rest_UpdateDlg.h">
      <Filter>Header Files</Filter>
    </ClInclude>
    <ClInclude Include="framework.h">
      <Filter>Header Files</Filter>
    </ClInclude>
    <ClInclude Include="targetver.h">
      <Filter>Header Files</Filter>
    </ClInclude>
    <ClInclude Include="Resource.h">
      <Filter>Header Files</Filter>
    </ClInclude>
    <ClInclude Include="pch.h">
      <Filter>Header Files</Filter>
    </ClInclude>
    <ClInclude Include="Business.h">
      <Filter>Header Files</Filter>
    </ClInclude>
    <ClInclude Include="Butcher.h">
      <Filter>Header Files</Filter>
    </ClInclude>
    <ClInclude Include="NewOrder_Dialog.h">
      <Filter>Header Files</Filter>
    </ClInclude>
    <ClInclude Include="NewOrderButcher.h">
      <Filter>Header Files</Filter>
    </ClInclude>
    <ClInclude Include="ManagerDLG.h">
      <Filter>Header Files</Filter>
    </ClInclude>
    <ClInclude Include="Customer.h">
      <Filter>Header Files</Filter>
    </ClInclude>
    <ClInclude Include="Supply.h">
      <Filter>Header Files</Filter>
    </ClInclude>
    <ClInclude Include="Restaurant.h">
      <Filter>Header Files</Filter>
    </ClInclude>
    <ClInclude Include="Dish.h">
      <Filter>Header Files</Filter>
    </ClInclude>
    <ClInclude Include="Finance.h">
      <Filter>Header Files</Filter>
    </ClInclude>
    <ClInclude Include="MarketDialog.h">
      <Filter>Header Files</Filter>
    </ClInclude>
    <ClInclude Include="Orders.h">
      <Filter>Header Files</Filter>
    </ClInclude>
    <ClInclude Include="Burger.h">
      <Filter>Header Files</Filter>
    </ClInclude>
    <ClInclude Include="Salad.h">
      <Filter>Header Files</Filter>
    </ClInclude>
    <ClInclude Include="AboutDLG.h">
      <Filter>Header Files</Filter>
    </ClInclude>
  </ItemGroup>
  <ItemGroup>
    <ClCompile Include="MFC_Final_Project_Rest_Update.cpp">
      <Filter>Source Files</Filter>
    </ClCompile>
    <ClCompile Include="MFC_Final_Project_Rest_UpdateDlg.cpp">
      <Filter>Source Files</Filter>
    </ClCompile>
    <ClCompile Include="pch.cpp">
      <Filter>Source Files</Filter>
    </ClCompile>
    <ClCompile Include="Business.cpp">
      <Filter>Source Files</Filter>
    </ClCompile>
    <ClCompile Include="Butcher.cpp">
      <Filter>Source Files</Filter>
    </ClCompile>
    <ClCompile Include="NewOrder_Dialog.cpp">
      <Filter>Source Files</Filter>
    </ClCompile>
    <ClCompile Include="NewOrderButcher.cpp">
      <Filter>Source Files</Filter>
    </ClCompile>
    <ClCompile Include="ManagerDLG.cpp">
      <Filter>Source Files</Filter>
    </ClCompile>
    <ClCompile Include="Customer.cpp">
      <Filter>Source Files</Filter>
    </ClCompile>
    <ClCompile Include="Supply.cpp">
      <Filter>Source Files</Filter>
    </ClCompile>
    <ClCompile Include="Restaurant.cpp">
      <Filter>Source Files</Filter>
    </ClCompile>
    <ClCompile Include="Dish.cpp">
      <Filter>Source Files</Filter>
    </ClCompile>
    <ClCompile Include="Finance.cpp">
      <Filter>Source Files</Filter>
    </ClCompile>
    <ClCompile Include="MarketDialog.cpp">
      <Filter>Source Files</Filter>
    </ClCompile>
    <ClCompile Include="Orders.cpp">
      <Filter>Source Files</Filter>
    </ClCompile>
    <ClCompile Include="Burger.cpp">
      <Filter>Source Files</Filter>
    </ClCompile>
    <ClCompile Include="Salad.cpp">
      <Filter>Source Files</Filter>
    </ClCompile>
    <ClCompile Include="AboutDLG.cpp">
      <Filter>Source Files</Filter>
    </ClCompile>
  </ItemGroup>
  <ItemGroup>
    <ResourceCompile Include="MFCFinalProjectRestUpdate.rc">
      <Filter>Resource Files</Filter>
    </ResourceCompile>
  </ItemGroup>
  <ItemGroup>
    <None Include="res\MFCFinalProjectRestUpdate.rc2">
      <Filter>Resource Files</Filter>
    </None>
    <None Include="ClassDiagram.cd" />
    <None Include="ClassDiagram1.cd" />
    <None Include="ClassDiagram2.cd" />
  </ItemGroup>
  <ItemGroup>
    <Image Include="res\MFC_Final_Project_Rest_Update.ico">
      <Filter>Resource Files</Filter>
    </Image>
    <Image Include="..\..\..\..\Desktop\tick.bmp">
      <Filter>Resource Files</Filter>
    </Image>
    <Image Include="..\..\..\..\Desktop\cancel.bmp">
      <Filter>Resource Files</Filter>
    </Image>
    <Image Include="..\..\..\..\Desktop\Final_Project_CPP\success.bmp">
      <Filter>Resource Files</Filter>
    </Image>
    <Image Include="..\..\..\..\Desktop\Final_Project_CPP\cancel.bmp">
      <Filter>Resource Files</Filter>
    </Image>
    <Image Include="..\..\Final_Project_CPP\success.bmp">
      <Filter>Resource Files</Filter>
    </Image>
    <Image Include="..\..\Final_Project_CPP\cancel.bmp">
      <Filter>Resource Files</Filter>
    </Image>
    <Image Include="..\..\Final_Project_CPP\logo.bmp">
      <Filter>Resource Files</Filter>
    </Image>
  </ItemGroup>
</Project>